// !$*UTF8*$!
{
	archiveVersion = 1;
	classes = {
	};
	objectVersion = 55;
	objects = {

/* Begin PBXBuildFile section */
		5BE824AD27F38FBE00359B2D /* SUI_03_22_2022App.swift in Sources */ = {isa = PBXBuildFile; fileRef = 5BE824AC27F38FBE00359B2D /* SUI_03_22_2022App.swift */; };
		5BE824AF27F38FBE00359B2D /* ContentView.swift in Sources */ = {isa = PBXBuildFile; fileRef = 5BE824AE27F38FBE00359B2D /* ContentView.swift */; };
		5BE824B127F38FBF00359B2D /* Assets.xcassets in Resources */ = {isa = PBXBuildFile; fileRef = 5BE824B027F38FBF00359B2D /* Assets.xcassets */; };
		5BE824B427F38FBF00359B2D /* Preview Assets.xcassets in Resources */ = {isa = PBXBuildFile; fileRef = 5BE824B327F38FBF00359B2D /* Preview Assets.xcassets */; };
		5BE824BE27F38FBF00359B2D /* SUI_03_22_2022Tests.swift in Sources */ = {isa = PBXBuildFile; fileRef = 5BE824BD27F38FBF00359B2D /* SUI_03_22_2022Tests.swift */; };
		5BE824C827F38FBF00359B2D /* SUI_03_22_2022UITests.swift in Sources */ = {isa = PBXBuildFile; fileRef = 5BE824C727F38FBF00359B2D /* SUI_03_22_2022UITests.swift */; };
		5BE824CA27F38FBF00359B2D /* SUI_03_22_2022UITestsLaunchTests.swift in Sources */ = {isa = PBXBuildFile; fileRef = 5BE824C927F38FBF00359B2D /* SUI_03_22_2022UITestsLaunchTests.swift */; };
/* End PBXBuildFile section */

/* Begin PBXContainerItemProxy section */
		5BE824BA27F38FBF00359B2D /* PBXContainerItemProxy */ = {
			isa = PBXContainerItemProxy;
			containerPortal = 5BE824A127F38FBE00359B2D /* Project object */;
			proxyType = 1;
			remoteGlobalIDString = 5BE824A827F38FBE00359B2D;
			remoteInfo = "SUI-03-22-2022";
		};
		5BE824C427F38FBF00359B2D /* PBXContainerItemProxy */ = {
			isa = PBXContainerItemProxy;
			containerPortal = 5BE824A127F38FBE00359B2D /* Project object */;
			proxyType = 1;
			remoteGlobalIDString = 5BE824A827F38FBE00359B2D;
			remoteInfo = "SUI-03-22-2022";
		};
/* End PBXContainerItemProxy section */

/* Begin PBXFileReference section */
		5BE824A927F38FBE00359B2D /* SUI-03-22-2022.app */ = {isa = PBXFileReference; explicitFileType = wrapper.application; includeInIndex = 0; path = "SUI-03-22-2022.app"; sourceTree = BUILT_PRODUCTS_DIR; };
		5BE824AC27F38FBE00359B2D /* SUI_03_22_2022App.swift */ = {isa = PBXFileReference; lastKnownFileType = sourcecode.swift; path = SUI_03_22_2022App.swift; sourceTree = "<group>"; };
		5BE824AE27F38FBE00359B2D /* ContentView.swift */ = {isa = PBXFileReference; lastKnownFileType = sourcecode.swift; path = ContentView.swift; sourceTree = "<group>"; };
		5BE824B027F38FBF00359B2D /* Assets.xcassets */ = {isa = PBXFileReference; lastKnownFileType = folder.assetcatalog; path = Assets.xcassets; sourceTree = "<group>"; };
		5BE824B327F38FBF00359B2D /* Preview Assets.xcassets */ = {isa = PBXFileReference; lastKnownFileType = folder.assetcatalog; path = "Preview Assets.xcassets"; sourceTree = "<group>"; };
		5BE824B927F38FBF00359B2D /* SUI-03-22-2022Tests.xctest */ = {isa = PBXFileReference; explicitFileType = wrapper.cfbundle; includeInIndex = 0; path = "SUI-03-22-2022Tests.xctest"; sourceTree = BUILT_PRODUCTS_DIR; };
		5BE824BD27F38FBF00359B2D /* SUI_03_22_2022Tests.swift */ = {isa = PBXFileReference; lastKnownFileType = sourcecode.swift; path = SUI_03_22_2022Tests.swift; sourceTree = "<group>"; };
		5BE824C327F38FBF00359B2D /* SUI-03-22-2022UITests.xctest */ = {isa = PBXFileReference; explicitFileType = wrapper.cfbundle; includeInIndex = 0; path = "SUI-03-22-2022UITests.xctest"; sourceTree = BUILT_PRODUCTS_DIR; };
		5BE824C727F38FBF00359B2D /* SUI_03_22_2022UITests.swift */ = {isa = PBXFileReference; lastKnownFileType = sourcecode.swift; path = SUI_03_22_2022UITests.swift; sourceTree = "<group>"; };
		5BE824C927F38FBF00359B2D /* SUI_03_22_2022UITestsLaunchTests.swift */ = {isa = PBXFileReference; lastKnownFileType = sourcecode.swift; path = SUI_03_22_2022UITestsLaunchTests.swift; sourceTree = "<group>"; };
/* End PBXFileReference section */

/* Begin PBXFrameworksBuildPhase section */
		5BE824A627F38FBE00359B2D /* Frameworks */ = {
			isa = PBXFrameworksBuildPhase;
			buildActionMask = 2147483647;
			files = (
			);
			runOnlyForDeploymentPostprocessing = 0;
		};
		5BE824B627F38FBF00359B2D /* Frameworks */ = {
			isa = PBXFrameworksBuildPhase;
			buildActionMask = 2147483647;
			files = (
			);
			runOnlyForDeploymentPostprocessing = 0;
		};
		5BE824C027F38FBF00359B2D /* Frameworks */ = {
			isa = PBXFrameworksBuildPhase;
			buildActionMask = 2147483647;
			files = (
			);
			runOnlyForDeploymentPostprocessing = 0;
		};
/* End PBXFrameworksBuildPhase section */

/* Begin PBXGroup section */
		5BE824A027F38FBE00359B2D = {
			isa = PBXGroup;
			children = (
				5BE824AB27F38FBE00359B2D /* SUI-03-22-2022 */,
				5BE824BC27F38FBF00359B2D /* SUI-03-22-2022Tests */,
				5BE824C627F38FBF00359B2D /* SUI-03-22-2022UITests */,
				5BE824AA27F38FBE00359B2D /* Products */,
			);
			sourceTree = "<group>";
		};
		5BE824AA27F38FBE00359B2D /* Products */ = {
			isa = PBXGroup;
			children = (
				5BE824A927F38FBE00359B2D /* SUI-03-22-2022.app */,
				5BE824B927F38FBF00359B2D /* SUI-03-22-2022Tests.xctest */,
				5BE824C327F38FBF00359B2D /* SUI-03-22-2022UITests.xctest */,
			);
			name = Products;
			sourceTree = "<group>";
		};
		5BE824AB27F38FBE00359B2D /* SUI-03-22-2022 */ = {
			isa = PBXGroup;
			children = (
				5BE824AC27F38FBE00359B2D /* SUI_03_22_2022App.swift */,
				5BE824AE27F38FBE00359B2D /* ContentView.swift */,
				5BE824B027F38FBF00359B2D /* Assets.xcassets */,
				5BE824B227F38FBF00359B2D /* Preview Content */,
			);
			path = "SUI-03-22-2022";
			sourceTree = "<group>";
		};
		5BE824B227F38FBF00359B2D /* Preview Content */ = {
			isa = PBXGroup;
			children = (
				5BE824B327F38FBF00359B2D /* Preview Assets.xcassets */,
			);
			path = "Preview Content";
			sourceTree = "<group>";
		};
		5BE824BC27F38FBF00359B2D /* SUI-03-22-2022Tests */ = {
			isa = PBXGroup;
			children = (
				5BE824BD27F38FBF00359B2D /* SUI_03_22_2022Tests.swift */,
			);
			path = "SUI-03-22-2022Tests";
			sourceTree = "<group>";
		};
		5BE824C627F38FBF00359B2D /* SUI-03-22-2022UITests */ = {
			isa = PBXGroup;
			children = (
				5BE824C727F38FBF00359B2D /* SUI_03_22_2022UITests.swift */,
				5BE824C927F38FBF00359B2D /* SUI_03_22_2022UITestsLaunchTests.swift */,
			);
			path = "SUI-03-22-2022UITests";
			sourceTree = "<group>";
		};
/* End PBXGroup section */

/* Begin PBXNativeTarget section */
		5BE824A827F38FBE00359B2D /* SUI-03-22-2022 */ = {
			isa = PBXNativeTarget;
			buildConfigurationList = 5BE824CD27F38FBF00359B2D /* Build configuration list for PBXNativeTarget "SUI-03-22-2022" */;
			buildPhases = (
				5BE824A527F38FBE00359B2D /* Sources */,
				5BE824A627F38FBE00359B2D /* Frameworks */,
				5BE824A727F38FBE00359B2D /* Resources */,
			);
			buildRules = (
			);
			dependencies = (
			);
			name = "SUI-03-22-2022";
			productName = "SUI-03-22-2022";
			productReference = 5BE824A927F38FBE00359B2D /* SUI-03-22-2022.app */;
			productType = "com.apple.product-type.application";
		};
		5BE824B827F38FBF00359B2D /* SUI-03-22-2022Tests */ = {
			isa = PBXNativeTarget;
			buildConfigurationList = 5BE824D027F38FBF00359B2D /* Build configuration list for PBXNativeTarget "SUI-03-22-2022Tests" */;
			buildPhases = (
				5BE824B527F38FBF00359B2D /* Sources */,
				5BE824B627F38FBF00359B2D /* Frameworks */,
				5BE824B727F38FBF00359B2D /* Resources */,
			);
			buildRules = (
			);
			dependencies = (
				5BE824BB27F38FBF00359B2D /* PBXTargetDependency */,
			);
			name = "SUI-03-22-2022Tests";
			productName = "SUI-03-22-2022Tests";
			productReference = 5BE824B927F38FBF00359B2D /* SUI-03-22-2022Tests.xctest */;
			productType = "com.apple.product-type.bundle.unit-test";
		};
		5BE824C227F38FBF00359B2D /* SUI-03-22-2022UITests */ = {
			isa = PBXNativeTarget;
			buildConfigurationList = 5BE824D327F38FBF00359B2D /* Build configuration list for PBXNativeTarget "SUI-03-22-2022UITests" */;
			buildPhases = (
				5BE824BF27F38FBF00359B2D /* Sources */,
				5BE824C027F38FBF00359B2D /* Frameworks */,
				5BE824C127F38FBF00359B2D /* Resources */,
			);
			buildRules = (
			);
			dependencies = (
				5BE824C527F38FBF00359B2D /* PBXTargetDependency */,
			);
			name = "SUI-03-22-2022UITests";
			productName = "SUI-03-22-2022UITests";
			productReference = 5BE824C327F38FBF00359B2D /* SUI-03-22-2022UITests.xctest */;
			productType = "com.apple.product-type.bundle.ui-testing";
		};
/* End PBXNativeTarget section */

/* Begin PBXProject section */
		5BE824A127F38FBE00359B2D /* Project object */ = {
			isa = PBXProject;
			attributes = {
				BuildIndependentTargetsInParallel = 1;
				LastSwiftUpdateCheck = 1330;
				LastUpgradeCheck = 1330;
				TargetAttributes = {
					5BE824A827F38FBE00359B2D = {
						CreatedOnToolsVersion = 13.3;
					};
					5BE824B827F38FBF00359B2D = {
						CreatedOnToolsVersion = 13.3;
						TestTargetID = 5BE824A827F38FBE00359B2D;
					};
					5BE824C227F38FBF00359B2D = {
						CreatedOnToolsVersion = 13.3;
						TestTargetID = 5BE824A827F38FBE00359B2D;
					};
				};
			};
			buildConfigurationList = 5BE824A427F38FBE00359B2D /* Build configuration list for PBXProject "SUI-03-22-2022" */;
			compatibilityVersion = "Xcode 13.0";
			developmentRegion = en;
			hasScannedForEncodings = 0;
			knownRegions = (
				en,
				Base,
			);
			mainGroup = 5BE824A027F38FBE00359B2D;
			productRefGroup = 5BE824AA27F38FBE00359B2D /* Products */;
			projectDirPath = "";
			projectRoot = "";
			targets = (
				5BE824A827F38FBE00359B2D /* SUI-03-22-2022 */,
				5BE824B827F38FBF00359B2D /* SUI-03-22-2022Tests */,
				5BE824C227F38FBF00359B2D /* SUI-03-22-2022UITests */,
			);
		};
/* End PBXProject section */

/* Begin PBXResourcesBuildPhase section */
		5BE824A727F38FBE00359B2D /* Resources */ = {
			isa = PBXResourcesBuildPhase;
			buildActionMask = 2147483647;
			files = (
				5BE824B427F38FBF00359B2D /* Preview Assets.xcassets in Resources */,
				5BE824B127F38FBF00359B2D /* Assets.xcassets in Resources */,
			);
			runOnlyForDeploymentPostprocessing = 0;
		};
		5BE824B727F38FBF00359B2D /* Resources */ = {
			isa = PBXResourcesBuildPhase;
			buildActionMask = 2147483647;
			files = (
			);
			runOnlyForDeploymentPostprocessing = 0;
		};
		5BE824C127F38FBF00359B2D /* Resources */ = {
			isa = PBXResourcesBuildPhase;
			buildActionMask = 2147483647;
			files = (
			);
			runOnlyForDeploymentPostprocessing = 0;
		};
/* End PBXResourcesBuildPhase section */

/* Begin PBXSourcesBuildPhase section */
		5BE824A527F38FBE00359B2D /* Sources */ = {
			isa = PBXSourcesBuildPhase;
			buildActionMask = 2147483647;
			files = (
				5BE824AF27F38FBE00359B2D /* ContentView.swift in Sources */,
				5BE824AD27F38FBE00359B2D /* SUI_03_22_2022App.swift in Sources */,
			);
			runOnlyForDeploymentPostprocessing = 0;
		};
		5BE824B527F38FBF00359B2D /* Sources */ = {
			isa = PBXSourcesBuildPhase;
			buildActionMask = 2147483647;
			files = (
				5BE824BE27F38FBF00359B2D /* SUI_03_22_2022Tests.swift in Sources */,
			);
			runOnlyForDeploymentPostprocessing = 0;
		};
		5BE824BF27F38FBF00359B2D /* Sources */ = {
			isa = PBXSourcesBuildPhase;
			buildActionMask = 2147483647;
			files = (
				5BE824C827F38FBF00359B2D /* SUI_03_22_2022UITests.swift in Sources */,
				5BE824CA27F38FBF00359B2D /* SUI_03_22_2022UITestsLaunchTests.swift in Sources */,
			);
			runOnlyForDeploymentPostprocessing = 0;
		};
/* End PBXSourcesBuildPhase section */

/* Begin PBXTargetDependency section */
		5BE824BB27F38FBF00359B2D /* PBXTargetDependency */ = {
			isa = PBXTargetDependency;
			target = 5BE824A827F38FBE00359B2D /* SUI-03-22-2022 */;
			targetProxy = 5BE824BA27F38FBF00359B2D /* PBXContainerItemProxy */;
		};
		5BE824C527F38FBF00359B2D /* PBXTargetDependency */ = {
			isa = PBXTargetDependency;
			target = 5BE824A827F38FBE00359B2D /* SUI-03-22-2022 */;
			targetProxy = 5BE824C427F38FBF00359B2D /* PBXContainerItemProxy */;
		};
/* End PBXTargetDependency section */

/* Begin XCBuildConfiguration section */
		5BE824CB27F38FBF00359B2D /* Debug */ = {
			isa = XCBuildConfiguration;
			buildSettings = {
				ALWAYS_SEARCH_USER_PATHS = NO;
				CLANG_ANALYZER_NONNULL = YES;
				CLANG_ANALYZER_NUMBER_OBJECT_CONVERSION = YES_AGGRESSIVE;
				CLANG_CXX_LANGUAGE_STANDARD = "gnu++17";
				CLANG_ENABLE_MODULES = YES;
				CLANG_ENABLE_OBJC_ARC = YES;
				CLANG_ENABLE_OBJC_WEAK = YES;
				CLANG_WARN_BLOCK_CAPTURE_AUTORELEASING = YES;
				CLANG_WARN_BOOL_CONVERSION = YES;
				CLANG_WARN_COMMA = YES;
				CLANG_WARN_CONSTANT_CONVERSION = YES;
				CLANG_WARN_DEPRECATED_OBJC_IMPLEMENTATIONS = YES;
				CLANG_WARN_DIRECT_OBJC_ISA_USAGE = YES_ERROR;
				CLANG_WARN_DOCUMENTATION_COMMENTS = YES;
				CLANG_WARN_EMPTY_BODY = YES;
				CLANG_WARN_ENUM_CONVERSION = YES;
				CLANG_WARN_INFINITE_RECURSION = YES;
				CLANG_WARN_INT_CONVERSION = YES;
				CLANG_WARN_NON_LITERAL_NULL_CONVERSION = YES;
				CLANG_WARN_OBJC_IMPLICIT_RETAIN_SELF = YES;
				CLANG_WARN_OBJC_LITERAL_CONVERSION = YES;
				CLANG_WARN_OBJC_ROOT_CLASS = YES_ERROR;
				CLANG_WARN_QUOTED_INCLUDE_IN_FRAMEWORK_HEADER = YES;
				CLANG_WARN_RANGE_LOOP_ANALYSIS = YES;
				CLANG_WARN_STRICT_PROTOTYPES = YES;
				CLANG_WARN_SUSPICIOUS_MOVE = YES;
				CLANG_WARN_UNGUARDED_AVAILABILITY = YES_AGGRESSIVE;
				CLANG_WARN_UNREACHABLE_CODE = YES;
				CLANG_WARN__DUPLICATE_METHOD_MATCH = YES;
				COPY_PHASE_STRIP = NO;
				DEBUG_INFORMATION_FORMAT = dwarf;
				ENABLE_STRICT_OBJC_MSGSEND = YES;
				ENABLE_TESTABILITY = YES;
				GCC_C_LANGUAGE_STANDARD = gnu11;
				GCC_DYNAMIC_NO_PIC = NO;
				GCC_NO_COMMON_BLOCKS = YES;
				GCC_OPTIMIZATION_LEVEL = 0;
				GCC_PREPROCESSOR_DEFINITIONS = (
					"DEBUG=1",
					"$(inherited)",
				);
				GCC_WARN_64_TO_32_BIT_CONVERSION = YES;
				GCC_WARN_ABOUT_RETURN_TYPE = YES_ERROR;
				GCC_WARN_UNDECLARED_SELECTOR = YES;
				GCC_WARN_UNINITIALIZED_AUTOS = YES_AGGRESSIVE;
				GCC_WARN_UNUSED_FUNCTION = YES;
				GCC_WARN_UNUSED_VARIABLE = YES;
				IPHONEOS_DEPLOYMENT_TARGET = 15.4;
				MTL_ENABLE_DEBUG_INFO = INCLUDE_SOURCE;
				MTL_FAST_MATH = YES;
				ONLY_ACTIVE_ARCH = YES;
				SDKROOT = iphoneos;
				SWIFT_ACTIVE_COMPILATION_CONDITIONS = DEBUG;
				SWIFT_OPTIMIZATION_LEVEL = "-Onone";
			};
			name = Debug;
		};
		5BE824CC27F38FBF00359B2D /* Release */ = {
			isa = XCBuildConfiguration;
			buildSettings = {
				ALWAYS_SEARCH_USER_PATHS = NO;
				CLANG_ANALYZER_NONNULL = YES;
				CLANG_ANALYZER_NUMBER_OBJECT_CONVERSION = YES_AGGRESSIVE;
				CLANG_CXX_LANGUAGE_STANDARD = "gnu++17";
				CLANG_ENABLE_MODULES = YES;
				CLANG_ENABLE_OBJC_ARC = YES;
				CLANG_ENABLE_OBJC_WEAK = YES;
				CLANG_WARN_BLOCK_CAPTURE_AUTORELEASING = YES;
				CLANG_WARN_BOOL_CONVERSION = YES;
				CLANG_WARN_COMMA = YES;
				CLANG_WARN_CONSTANT_CONVERSION = YES;
				CLANG_WARN_DEPRECATED_OBJC_IMPLEMENTATIONS = YES;
				CLANG_WARN_DIRECT_OBJC_ISA_USAGE = YES_ERROR;
				CLANG_WARN_DOCUMENTATION_COMMENTS = YES;
				CLANG_WARN_EMPTY_BODY = YES;
				CLANG_WARN_ENUM_CONVERSION = YES;
				CLANG_WARN_INFINITE_RECURSION = YES;
				CLANG_WARN_INT_CONVERSION = YES;
				CLANG_WARN_NON_LITERAL_NULL_CONVERSION = YES;
				CLANG_WARN_OBJC_IMPLICIT_RETAIN_SELF = YES;
				CLANG_WARN_OBJC_LITERAL_CONVERSION = YES;
				CLANG_WARN_OBJC_ROOT_CLASS = YES_ERROR;
				CLANG_WARN_QUOTED_INCLUDE_IN_FRAMEWORK_HEADER = YES;
				CLANG_WARN_RANGE_LOOP_ANALYSIS = YES;
				CLANG_WARN_STRICT_PROTOTYPES = YES;
				CLANG_WARN_SUSPICIOUS_MOVE = YES;
				CLANG_WARN_UNGUARDED_AVAILABILITY = YES_AGGRESSIVE;
				CLANG_WARN_UNREACHABLE_CODE = YES;
				CLANG_WARN__DUPLICATE_METHOD_MATCH = YES;
				COPY_PHASE_STRIP = NO;
				DEBUG_INFORMATION_FORMAT = "dwarf-with-dsym";
				ENABLE_NS_ASSERTIONS = NO;
				ENABLE_STRICT_OBJC_MSGSEND = YES;
				GCC_C_LANGUAGE_STANDARD = gnu11;
				GCC_NO_COMMON_BLOCKS = YES;
				GCC_WARN_64_TO_32_BIT_CONVERSION = YES;
				GCC_WARN_ABOUT_RETURN_TYPE = YES_ERROR;
				GCC_WARN_UNDECLARED_SELECTOR = YES;
				GCC_WARN_UNINITIALIZED_AUTOS = YES_AGGRESSIVE;
				GCC_WARN_UNUSED_FUNCTION = YES;
				GCC_WARN_UNUSED_VARIABLE = YES;
				IPHONEOS_DEPLOYMENT_TARGET = 15.4;
				MTL_ENABLE_DEBUG_INFO = NO;
				MTL_FAST_MATH = YES;
				SDKROOT = iphoneos;
				SWIFT_COMPILATION_MODE = wholemodule;
				SWIFT_OPTIMIZATION_LEVEL = "-O";
				VALIDATE_PRODUCT = YES;
			};
			name = Release;
		};
		5BE824CE27F38FBF00359B2D /* Debug */ = {
			isa = XCBuildConfiguration;
			buildSettings = {
				ASSETCATALOG_COMPILER_APPICON_NAME = AppIcon;
				ASSETCATALOG_COMPILER_GLOBAL_ACCENT_COLOR_NAME = AccentColor;
				CODE_SIGN_STYLE = Automatic;
				CURRENT_PROJECT_VERSION = 1;
				DEVELOPMENT_ASSET_PATHS = "\"SUI-03-22-2022/Preview Content\"";
				ENABLE_PREVIEWS = YES;
				GENERATE_INFOPLIST_FILE = YES;
				INFOPLIST_KEY_UIApplicationSceneManifest_Generation = YES;
				INFOPLIST_KEY_UIApplicationSupportsIndirectInputEvents = YES;
				INFOPLIST_KEY_UILaunchScreen_Generation = YES;
				INFOPLIST_KEY_UISupportedInterfaceOrientations_iPad = "UIInterfaceOrientationPortrait UIInterfaceOrientationPortraitUpsideDown UIInterfaceOrientationLandscapeLeft UIInterfaceOrientationLandscapeRight";
				INFOPLIST_KEY_UISupportedInterfaceOrientations_iPhone = "UIInterfaceOrientationPortrait UIInterfaceOrientationLandscapeLeft UIInterfaceOrientationLandscapeRight";
				LD_RUNPATH_SEARCH_PATHS = (
					"$(inherited)",
					"@executable_path/Frameworks",
				);
				MARKETING_VERSION = 1.0;
				PRODUCT_BUNDLE_IDENTIFIER = "Tensorus.SUI-03-22-2022";
				PRODUCT_NAME = "$(TARGET_NAME)";
				SWIFT_EMIT_LOC_STRINGS = YES;
				SWIFT_VERSION = 5.0;
				TARGETED_DEVICE_FAMILY = "1,2";
			};
			name = Debug;
		};
		5BE824CF27F38FBF00359B2D /* Release */ = {
			isa = XCBuildConfiguration;
			buildSettings = {
				ASSETCATALOG_COMPILER_APPICON_NAME = AppIcon;
				ASSETCATALOG_COMPILER_GLOBAL_ACCENT_COLOR_NAME = AccentColor;
				CODE_SIGN_STYLE = Automatic;
				CURRENT_PROJECT_VERSION = 1;
				DEVELOPMENT_ASSET_PATHS = "\"SUI-03-22-2022/Preview Content\"";
				ENABLE_PREVIEWS = YES;
				GENERATE_INFOPLIST_FILE = YES;
				INFOPLIST_KEY_UIApplicationSceneManifest_Generation = YES;
				INFOPLIST_KEY_UIApplicationSupportsIndirectInputEvents = YES;
				INFOPLIST_KEY_UILaunchScreen_Generation = YES;
				INFOPLIST_KEY_UISupportedInterfaceOrientations_iPad = "UIInterfaceOrientationPortrait UIInterfaceOrientationPortraitUpsideDown UIInterfaceOrientationLandscapeLeft UIInterfaceOrientationLandscapeRight";
				INFOPLIST_KEY_UISupportedInterfaceOrientations_iPhone = "UIInterfaceOrientationPortrait UIInterfaceOrientationLandscapeLeft UIInterfaceOrientationLandscapeRight";
				LD_RUNPATH_SEARCH_PATHS = (
					"$(inherited)",
					"@executable_path/Frameworks",
				);
				MARKETING_VERSION = 1.0;
				PRODUCT_BUNDLE_IDENTIFIER = "Tensorus.SUI-03-22-2022";
				PRODUCT_NAME = "$(TARGET_NAME)";
				SWIFT_EMIT_LOC_STRINGS = YES;
				SWIFT_VERSION = 5.0;
				TARGETED_DEVICE_FAMILY = "1,2";
			};
			name = Release;
		};
		5BE824D127F38FBF00359B2D /* Debug */ = {
			isa = XCBuildConfiguration;
			buildSettings = {
				ALWAYS_EMBED_SWIFT_STANDARD_LIBRARIES = YES;
				BUNDLE_LOADER = "$(TEST_HOST)";
				CODE_SIGN_STYLE = Automatic;
				CURRENT_PROJECT_VERSION = 1;
				GENERATE_INFOPLIST_FILE = YES;
				IPHONEOS_DEPLOYMENT_TARGET = 15.4;
				MARKETING_VERSION = 1.0;
				PRODUCT_BUNDLE_IDENTIFIER = "Tensorus.SUI-03-22-2022Tests";
				PRODUCT_NAME = "$(TARGET_NAME)";
				SWIFT_EMIT_LOC_STRINGS = NO;
				SWIFT_VERSION = 5.0;
				TARGETED_DEVICE_FAMILY = "1,2";
				TEST_HOST = "$(BUILT_PRODUCTS_DIR)/SUI-03-22-2022.app/SUI-03-22-2022";
			};
			name = Debug;
		};
		5BE824D227F38FBF00359B2D /* Release */ = {
			isa = XCBuildConfiguration;
			buildSettings = {
				ALWAYS_EMBED_SWIFT_STANDARD_LIBRARIES = YES;
				BUNDLE_LOADER = "$(TEST_HOST)";
				CODE_SIGN_STYLE = Automatic;
				CURRENT_PROJECT_VERSION = 1;
				GENERATE_INFOPLIST_FILE = YES;
				IPHONEOS_DEPLOYMENT_TARGET = 15.4;
				MARKETING_VERSION = 1.0;
				PRODUCT_BUNDLE_IDENTIFIER = "Tensorus.SUI-03-22-2022Tests";
				PRODUCT_NAME = "$(TARGET_NAME)";
				SWIFT_EMIT_LOC_STRINGS = NO;
				SWIFT_VERSION = 5.0;
				TARGETED_DEVICE_FAMILY = "1,2";
				TEST_HOST = "$(BUILT_PRODUCTS_DIR)/SUI-03-22-2022.app/SUI-03-22-2022";
			};
			name = Release;
		};
		5BE824D427F38FBF00359B2D /* Debug */ = {
			isa = XCBuildConfiguration;
			buildSettings = {
				ALWAYS_EMBED_SWIFT_STANDARD_LIBRARIES = YES;
				CODE_SIGN_STYLE = Automatic;
				CURRENT_PROJECT_VERSION = 1;
				GENERATE_INFOPLIST_FILE = YES;
				MARKETING_VERSION = 1.0;
				PRODUCT_BUNDLE_IDENTIFIER = "Tensorus.SUI-03-22-2022UITests";
				PRODUCT_NAME = "$(TARGET_NAME)";
				SWIFT_EMIT_LOC_STRINGS = NO;
				SWIFT_VERSION = 5.0;
				TARGETED_DEVICE_FAMILY = "1,2";
				TEST_TARGET_NAME = "SUI-03-22-2022";
			};
			name = Debug;
		};
		5BE824D527F38FBF00359B2D /* Release */ = {
			isa = XCBuildConfiguration;
			buildSettings = {
				ALWAYS_EMBED_SWIFT_STANDARD_LIBRARIES = YES;
				CODE_SIGN_STYLE = Automatic;
				CURRENT_PROJECT_VERSION = 1;
				GENERATE_INFOPLIST_FILE = YES;
				MARKETING_VERSION = 1.0;
				PRODUCT_BUNDLE_IDENTIFIER = "Tensorus.SUI-03-22-2022UITests";
				PRODUCT_NAME = "$(TARGET_NAME)";
				SWIFT_EMIT_LOC_STRINGS = NO;
				SWIFT_VERSION = 5.0;
				TARGETED_DEVICE_FAMILY = "1,2";
				TEST_TARGET_NAME = "SUI-03-22-2022";
			};
			name = Release;
		};
/* End XCBuildConfiguration section */

/* Begin XCConfigurationList section */
		5BE824A427F38FBE00359B2D /* Build configuration list for PBXProject "SUI-03-22-2022" */ = {
			isa = XCConfigurationList;
			buildConfigurations = (
				5BE824CB27F38FBF00359B2D /* Debug */,
				5BE824CC27F38FBF00359B2D /* Release */,
			);
			defaultConfigurationIsVisible = 0;
			defaultConfigurationName = Release;
		};
		5BE824CD27F38FBF00359B2D /* Build configuration list for PBXNativeTarget "SUI-03-22-2022" */ = {
			isa = XCConfigurationList;
			buildConfigurations = (
				5BE824CE27F38FBF00359B2D /* Debug */,
				5BE824CF27F38FBF00359B2D /* Release */,
			);
			defaultConfigurationIsVisible = 0;
			defaultConfigurationName = Release;
		};
		5BE824D027F38FBF00359B2D /* Build configuration list for PBXNativeTarget "SUI-03-22-2022Tests" */ = {
			isa = XCConfigurationList;
			buildConfigurations = (
				5BE824D127F38FBF00359B2D /* Debug */,
				5BE824D227F38FBF00359B2D /* Release */,
			);
			defaultConfigurationIsVisible = 0;
			defaultConfigurationName = Release;
		};
		5BE824D327F38FBF00359B2D /* Build configuration list for PBXNativeTarget "SUI-03-22-2022UITests" */ = {
			isa = XCConfigurationList;
			buildConfigurations = (
				5BE824D427F38FBF00359B2D /* Debug */,
				5BE824D527F38FBF00359B2D /* Release */,
			);
			defaultConfigurationIsVisible = 0;
			defaultConfigurationName = Release;
		};
/* End XCConfigurationList section */
	};
	rootObject = 5BE824A127F38FBE00359B2D /* Project object */;
}
